
Microsoft Visual Studio Solution File, Format Version 12.00
# Visual Studio Version 16
VisualStudioVersion = 16.0.31624.102
MinimumVisualStudioVersion = 10.0.40219.1
Project("{FAE04EC0-301F-11D3-BF4B-00C04F79EFBC}") = "Aplikacja", "Aplikacja\Aplikacja.csproj", "{493B5F41-15F9-454E-9B5B-082D8646CC63}"
EndProject
Global
	GlobalSection(SolutionConfigurationPlatforms) = preSolution
		Debug|Any CPU = Debug|Any CPU
		Release|Any CPU = Release|Any CPU
	EndGlobalSection
	GlobalSection(ProjectConfigurationPlatforms) = postSolution
		{493B5F41-15F9-454E-9B5B-082D8646CC63}.Debug|Any CPU.ActiveCfg = Debug|Any CPU
		{493B5F41-15F9-454E-9B5B-082D8646CC63}.Debug|Any CPU.Build.0 = Debug|Any CPU
		{493B5F41-15F9-454E-9B5B-082D8646CC63}.Release|Any CPU.ActiveCfg = Release|Any CPU
		{493B5F41-15F9-454E-9B5B-082D8646CC63}.Release|Any CPU.Build.0 = Release|Any CPU
	EndGlobalSection
	GlobalSection(SolutionProperties) = preSolution
		HideSolutionNode = FALSE
	EndGlobalSection
	GlobalSection(ExtensibilityGlobals) = postSolution
		SolutionGuid = {F50C53B8-6318-4822-BC61-107DCC731F6E}
	EndGlobalSection
EndGlobal
